
Microsoft Visual Studio Solution File, Format Version 12.00
# Visual Studio Version 17
VisualStudioVersion = 17.3.32929.385
MinimumVisualStudioVersion = 10.0.40219.1
Project("{FAE04EC0-301F-11D3-BF4B-00C04F79EFBC}") = "Lab3", "Lab3.csproj", "{48E01E61-8AAF-4407-81A2-2AF54F59CF45}"
EndProject
Global
	GlobalSection(SolutionConfigurationPlatforms) = preSolution
		Debug|Any CPU = Debug|Any CPU
		Release|Any CPU = Release|Any CPU
	EndGlobalSection
	GlobalSection(ProjectConfigurationPlatforms) = postSolution
		{48E01E61-8AAF-4407-81A2-2AF54F59CF45}.Debug|Any CPU.ActiveCfg = Debug|Any CPU
		{48E01E61-8AAF-4407-81A2-2AF54F59CF45}.Debug|Any CPU.Build.0 = Debug|Any CPU
		{48E01E61-8AAF-4407-81A2-2AF54F59CF45}.Release|Any CPU.ActiveCfg = Release|Any CPU
		{48E01E61-8AAF-4407-81A2-2AF54F59CF45}.Release|Any CPU.Build.0 = Release|Any CPU
	EndGlobalSection
	GlobalSection(SolutionProperties) = preSolution
		HideSolutionNode = FALSE
	EndGlobalSection
	GlobalSection(ExtensibilityGlobals) = postSolution
		SolutionGuid = {0DF13FD4-9F32-4FC9-BEA1-5E06AB4C8814}
	EndGlobalSection
EndGlobal
